<Solution>
  <Folder Name="/Solution Items/">
    <File Path="Directory.Build.props" />
  </Folder>
  <Project Path="Cocoa.Targeting/Cocoa.Targeting.csproj" />
  <Folder Name="/Compiler/">
    <Project Path="Compiler/Cocoa.Compiler.Core/Cocoa.Compiler.Core.csproj" />
    <Project Path="Compiler/Cocoa.Dialects.Cocoa/Cocoa.Dialects.Cocoa.csproj" />
    <Project Path="Compiler/Cocoa.Dialects.CSharp/Cocoa.Dialects.CSharp.csproj" />
  </Folder>
  <Folder Name="/CodeGen/">
    <Project Path="CodeGen/Cocoa.CodeGen.Managed.Structure/Cocoa.CodeGen.Managed.Structure.csproj" />
    <Project Path="CodeGen/Cocoa.CodeGen.Managed.Reader/Cocoa.CodeGen.Managed.Reader.csproj" />
    <Project Path="CodeGen/Cocoa.CodeGen.Managed.Writer/Cocoa.CodeGen.Managed.Writer.csproj" />
    <Project Path="CodeGen/Cocoa.CodeGen.PE/Cocoa.CodeGen.PE.csproj" />
    <Project Path="CodeGen/Cocoa.CodeGen.Native.Lir/Cocoa.CodeGen.Native.Lir.csproj" />
    <Project Path="CodeGen/Cocoa.CodeGen.Native/Cocoa.CodeGen.Native.csproj" />
    <Project Path="CodeGen/Cocoa.CodeGen.Interpreter/Cocoa.CodeGen.Interpreter.csproj" />
  </Folder>
  <Folder Name="/Cli/">
    <Project Path="Cli/Cocoa.Cli/Cocoa.Cli.csproj" />
    <Project Path="Cli/Cocoa.Cli.Repl/Cocoa.Cli.Repl.csproj" />
    <Project Path="Cli/Cocoa.Compiler.Cocoa/Cocoa.Compiler.Cocoa.csproj" />
    <Project Path="Cli/Cocoa.Compiler.CSharp/Cocoa.Compiler.CSharp.csproj" />
  </Folder>
  <Project Path="Cocoa.Build/Cocoa.Build.csproj" />
  <Project Path="Cocoa.Tests/Cocoa.Tests.csproj" />
</Solution>
