<Solution>
  <Folder Name="/Solution Items/">
    <File Path="Directory.Build.props" />
    <File Path="Directory.Build.targets" />
  </Folder>
  <Project Path="Cocoa.CodeAnalysis/Cocoa.CodeAnalysis.csproj" />
  <Project Path="Cocoa.CodeAnalysis.Cocoa/Cocoa.CodeAnalysis.Cocoa.csproj" />
  <Project Path="Cocoa.CodeAnalysis.CSharp/Cocoa.CodeAnalysis.CSharp.csproj" />
  <Project Path="Cocoa.CodeGen.PE/Cocoa.CodeGen.PE.csproj" />
  <Project Path="Cocoa.CodeGen.IL/Cocoa.CodeGen.IL.csproj" />
  <Project Path="Cocoa.CodeGen.Native/Cocoa.CodeGen.Native.csproj" />
  <Project Path="Cocoa.ProjectSystem/Cocoa.ProjectSystem.csproj" />
  <Project Path="Cocoa.Compiler.Cocoa/Cocoa.Compiler.Cocoa.csproj" />
  <Project Path="Cocoa.Compiler.CSharp/Cocoa.Compiler.CSharp.csproj" />
  <Project Path="Cocoa.CommandLine/Cocoa.CommandLine.csproj" />
  <Project Path="Cocoa.Tests/Cocoa.Tests.csproj" />
</Solution>