<Solution>
  <Folder Name="/Solution Items/">
    <File Path="Directory.Build.props" />
    <File Path="Directory.Build.targets" />
  </Folder>
  <Project Path="Cocoa.Core/Cocoa.Core.csproj" />
  <Project Path="Cocoa.Core.Cocoa/Cocoa.Core.Cocoa.csproj" />
  <Project Path="Cocoa.Core.CSharp/Cocoa.Core.CSharp.csproj" />
  <Project Path="Cocoa.CodeGen.PE/Cocoa.CodeGen.PE.csproj" />
  <Project Path="Cocoa.CodeGen.IL/Cocoa.CodeGen.IL.csproj" />
  <Project Path="Cocoa.CodeGen.Native/Cocoa.CodeGen.Native.csproj" />
  <Project Path="Cocoa.Builder/Cocoa.Builder.csproj" />
  <Project Path="Cocoa.Compiler.Cocoa/Cocoa.Compiler.Cocoa.csproj" />
  <Project Path="Cocoa.Compiler.CSharp/Cocoa.Compiler.CSharp.csproj" />
  <Project Path="Cocoa.Compiler/Cocoa.Compiler.csproj" />
  <Project Path="Cocoa.Tests/Cocoa.Tests.csproj" />
</Solution>