
Microsoft Visual Studio Solution File, Format Version 12.00
# Visual Studio Version 17
VisualStudioVersion = 17.6.33829.357
MinimumVisualStudioVersion = 10.0.40219.1
Project("{9A19103F-16F7-4668-BE54-9A1E7A4F7556}") = "Cocoa", "Cocoa\Cocoa.csproj", "{48FB2F14-0B1B-4B62-90C0-1132087FDE0D}"
EndProject
Project("{9A19103F-16F7-4668-BE54-9A1E7A4F7556}") = "Cocoa.Tests", "Cocoa.Tests\Cocoa.Tests.csproj", "{0216636A-D9C9-44A2-89D6-8F5A36935E91}"
EndProject
Project("{9A19103F-16F7-4668-BE54-9A1E7A4F7556}") = "Interactive.Demo", "Interactive.Demo\Interactive.Demo.csproj", "{8EFA78BC-C621-4637-A2B0-A7D4E34A9423}"
EndProject
Project("{FAE04EC0-301F-11D3-BF4B-00C04F79EFBC}") = "Compiler.Demo", "Compiler.Demo\Compiler.Demo.csproj", "{774DFDA2-325A-44C6-9D52-2BA60E7306D4}"
EndProject
Global
	GlobalSection(SolutionConfigurationPlatforms) = preSolution
		Debug|Any CPU = Debug|Any CPU
		Release|Any CPU = Release|Any CPU
	EndGlobalSection
	GlobalSection(ProjectConfigurationPlatforms) = postSolution
		{48FB2F14-0B1B-4B62-90C0-1132087FDE0D}.Debug|Any CPU.ActiveCfg = Debug|Any CPU
		{48FB2F14-0B1B-4B62-90C0-1132087FDE0D}.Debug|Any CPU.Build.0 = Debug|Any CPU
		{48FB2F14-0B1B-4B62-90C0-1132087FDE0D}.Release|Any CPU.ActiveCfg = Release|Any CPU
		{48FB2F14-0B1B-4B62-90C0-1132087FDE0D}.Release|Any CPU.Build.0 = Release|Any CPU
		{0216636A-D9C9-44A2-89D6-8F5A36935E91}.Debug|Any CPU.ActiveCfg = Debug|Any CPU
		{0216636A-D9C9-44A2-89D6-8F5A36935E91}.Debug|Any CPU.Build.0 = Debug|Any CPU
		{0216636A-D9C9-44A2-89D6-8F5A36935E91}.Release|Any CPU.ActiveCfg = Release|Any CPU
		{0216636A-D9C9-44A2-89D6-8F5A36935E91}.Release|Any CPU.Build.0 = Release|Any CPU
		{8EFA78BC-C621-4637-A2B0-A7D4E34A9423}.Debug|Any CPU.ActiveCfg = Debug|Any CPU
		{8EFA78BC-C621-4637-A2B0-A7D4E34A9423}.Debug|Any CPU.Build.0 = Debug|Any CPU
		{8EFA78BC-C621-4637-A2B0-A7D4E34A9423}.Release|Any CPU.ActiveCfg = Release|Any CPU
		{8EFA78BC-C621-4637-A2B0-A7D4E34A9423}.Release|Any CPU.Build.0 = Release|Any CPU
		{774DFDA2-325A-44C6-9D52-2BA60E7306D4}.Debug|Any CPU.ActiveCfg = Debug|Any CPU
		{774DFDA2-325A-44C6-9D52-2BA60E7306D4}.Debug|Any CPU.Build.0 = Debug|Any CPU
		{774DFDA2-325A-44C6-9D52-2BA60E7306D4}.Release|Any CPU.ActiveCfg = Release|Any CPU
		{774DFDA2-325A-44C6-9D52-2BA60E7306D4}.Release|Any CPU.Build.0 = Release|Any CPU
	EndGlobalSection
	GlobalSection(SolutionProperties) = preSolution
		HideSolutionNode = FALSE
	EndGlobalSection
	GlobalSection(ExtensibilityGlobals) = postSolution
		SolutionGuid = {D9090718-EA84-4F8C-859F-C4ED1540AA15}
	EndGlobalSection
EndGlobal
