
Microsoft Visual Studio Solution File, Format Version 12.00
# Visual Studio Version 16
VisualStudioVersion = 16.0.31702.278
MinimumVisualStudioVersion = 10.0.40219.1
Project("{9A19103F-16F7-4668-BE54-9A1E7A4F7556}") = "Compiler.Demo", "Compiler.Demo\Compiler.Demo.csproj", "{12A46A9C-0DE8-4FC5-A039-4024F25F44F9}"
EndProject
Project("{FAE04EC0-301F-11D3-BF4B-00C04F79EFBC}") = "Cocoa", "Cocoa\Cocoa.csproj", "{48FB2F14-0B1B-4B62-90C0-1132087FDE0D}"
EndProject
Global
	GlobalSection(SolutionConfigurationPlatforms) = preSolution
		Debug|Any CPU = Debug|Any CPU
		Release|Any CPU = Release|Any CPU
	EndGlobalSection
	GlobalSection(ProjectConfigurationPlatforms) = postSolution
		{12A46A9C-0DE8-4FC5-A039-4024F25F44F9}.Debug|Any CPU.ActiveCfg = Debug|Any CPU
		{12A46A9C-0DE8-4FC5-A039-4024F25F44F9}.Debug|Any CPU.Build.0 = Debug|Any CPU
		{12A46A9C-0DE8-4FC5-A039-4024F25F44F9}.Release|Any CPU.ActiveCfg = Release|Any CPU
		{12A46A9C-0DE8-4FC5-A039-4024F25F44F9}.Release|Any CPU.Build.0 = Release|Any CPU
		{48FB2F14-0B1B-4B62-90C0-1132087FDE0D}.Debug|Any CPU.ActiveCfg = Debug|Any CPU
		{48FB2F14-0B1B-4B62-90C0-1132087FDE0D}.Debug|Any CPU.Build.0 = Debug|Any CPU
		{48FB2F14-0B1B-4B62-90C0-1132087FDE0D}.Release|Any CPU.ActiveCfg = Release|Any CPU
		{48FB2F14-0B1B-4B62-90C0-1132087FDE0D}.Release|Any CPU.Build.0 = Release|Any CPU
	EndGlobalSection
	GlobalSection(SolutionProperties) = preSolution
		HideSolutionNode = FALSE
	EndGlobalSection
	GlobalSection(ExtensibilityGlobals) = postSolution
		SolutionGuid = {D9090718-EA84-4F8C-859F-C4ED1540AA15}
	EndGlobalSection
EndGlobal
